// !$*UTF8*$!
{
	archiveVersion = 1;
	classes = {
	};
	objectVersion = 50;
	objects = {

/* Begin PBXBuildFile section */
		77700038246BE1E1005044C9 /* AppDelegate.swift in Sources */ = {isa = PBXBuildFile; fileRef = 77700037246BE1E1005044C9 /* AppDelegate.swift */; };
		7770003A246BE1E1005044C9 /* SceneDelegate.swift in Sources */ = {isa = PBXBuildFile; fileRef = 77700039246BE1E1005044C9 /* SceneDelegate.swift */; };
		7770003C246BE1E1005044C9 /* ViewController.swift in Sources */ = {isa = PBXBuildFile; fileRef = 7770003B246BE1E1005044C9 /* ViewController.swift */; };
		7770003F246BE1E1005044C9 /* Main.storyboard in Resources */ = {isa = PBXBuildFile; fileRef = 7770003D246BE1E1005044C9 /* Main.storyboard */; };
		77700041246BE1E3005044C9 /* Assets.xcassets in Resources */ = {isa = PBXBuildFile; fileRef = 77700040246BE1E3005044C9 /* Assets.xcassets */; };
		77700044246BE1E3005044C9 /* LaunchScreen.storyboard in Resources */ = {isa = PBXBuildFile; fileRef = 77700042246BE1E3005044C9 /* LaunchScreen.storyboard */; };
		7770004F246BE1E3005044C9 /* SonarDemoAppTests.swift in Sources */ = {isa = PBXBuildFile; fileRef = 7770004E246BE1E3005044C9 /* SonarDemoAppTests.swift */; };
		7770005A246BE1E3005044C9 /* SonarDemoAppUITests.swift in Sources */ = {isa = PBXBuildFile; fileRef = 77700059246BE1E3005044C9 /* SonarDemoAppUITests.swift */; };
/* End PBXBuildFile section */

/* Begin PBXContainerItemProxy section */
		7770004B246BE1E3005044C9 /* PBXContainerItemProxy */ = {
			isa = PBXContainerItemProxy;
			containerPortal = 7770002C246BE1E1005044C9 /* Project object */;
			proxyType = 1;
			remoteGlobalIDString = 77700033246BE1E1005044C9;
			remoteInfo = SonarDemoApp;
		};
		77700056246BE1E3005044C9 /* PBXContainerItemProxy */ = {
			isa = PBXContainerItemProxy;
			containerPortal = 7770002C246BE1E1005044C9 /* Project object */;
			proxyType = 1;
			remoteGlobalIDString = 77700033246BE1E1005044C9;
			remoteInfo = SonarDemoApp;
		};
/* End PBXContainerItemProxy section */

/* Begin PBXFileReference section */
		77700034246BE1E1005044C9 /* SonarDemoApp.app */ = {isa = PBXFileReference; explicitFileType = wrapper.application; includeInIndex = 0; path = SonarDemoApp.app; sourceTree = BUILT_PRODUCTS_DIR; };
		77700037246BE1E1005044C9 /* AppDelegate.swift */ = {isa = PBXFileReference; lastKnownFileType = sourcecode.swift; path = AppDelegate.swift; sourceTree = "<group>"; };
		77700039246BE1E1005044C9 /* SceneDelegate.swift */ = {isa = PBXFileReference; lastKnownFileType = sourcecode.swift; path = SceneDelegate.swift; sourceTree = "<group>"; };
		7770003B246BE1E1005044C9 /* ViewController.swift */ = {isa = PBXFileReference; lastKnownFileType = sourcecode.swift; path = ViewController.swift; sourceTree = "<group>"; };
		7770003E246BE1E1005044C9 /* Base */ = {isa = PBXFileReference; lastKnownFileType = file.storyboard; name = Base; path = Base.lproj/Main.storyboard; sourceTree = "<group>"; };
		77700040246BE1E3005044C9 /* Assets.xcassets */ = {isa = PBXFileReference; lastKnownFileType = folder.assetcatalog; path = Assets.xcassets; sourceTree = "<group>"; };
		77700043246BE1E3005044C9 /* Base */ = {isa = PBXFileReference; lastKnownFileType = file.storyboard; name = Base; path = Base.lproj/LaunchScreen.storyboard; sourceTree = "<group>"; };
		77700045246BE1E3005044C9 /* Info.plist */ = {isa = PBXFileReference; lastKnownFileType = text.plist.xml; path = Info.plist; sourceTree = "<group>"; };
		7770004A246BE1E3005044C9 /* SonarDemoAppTests.xctest */ = {isa = PBXFileReference; explicitFileType = wrapper.cfbundle; includeInIndex = 0; path = SonarDemoAppTests.xctest; sourceTree = BUILT_PRODUCTS_DIR; };
		7770004E246BE1E3005044C9 /* SonarDemoAppTests.swift */ = {isa = PBXFileReference; lastKnownFileType = sourcecode.swift; path = SonarDemoAppTests.swift; sourceTree = "<group>"; };
		77700050246BE1E3005044C9 /* Info.plist */ = {isa = PBXFileReference; lastKnownFileType = text.plist.xml; path = Info.plist; sourceTree = "<group>"; };
		77700055246BE1E3005044C9 /* SonarDemoAppUITests.xctest */ = {isa = PBXFileReference; explicitFileType = wrapper.cfbundle; includeInIndex = 0; path = SonarDemoAppUITests.xctest; sourceTree = BUILT_PRODUCTS_DIR; };
		77700059246BE1E3005044C9 /* SonarDemoAppUITests.swift */ = {isa = PBXFileReference; lastKnownFileType = sourcecode.swift; path = SonarDemoAppUITests.swift; sourceTree = "<group>"; };
		7770005B246BE1E3005044C9 /* Info.plist */ = {isa = PBXFileReference; lastKnownFileType = text.plist.xml; path = Info.plist; sourceTree = "<group>"; };
/* End PBXFileReference section */

/* Begin PBXFrameworksBuildPhase section */
		77700031246BE1E1005044C9 /* Frameworks */ = {
			isa = PBXFrameworksBuildPhase;
			buildActionMask = 2147483647;
			files = (
			);
			runOnlyForDeploymentPostprocessing = 0;
		};
		77700047246BE1E3005044C9 /* Frameworks */ = {
			isa = PBXFrameworksBuildPhase;
			buildActionMask = 2147483647;
			files = (
			);
			runOnlyForDeploymentPostprocessing = 0;
		};
		77700052246BE1E3005044C9 /* Frameworks */ = {
			isa = PBXFrameworksBuildPhase;
			buildActionMask = 2147483647;
			files = (
			);
			runOnlyForDeploymentPostprocessing = 0;
		};
/* End PBXFrameworksBuildPhase section */

/* Begin PBXGroup section */
		7770002B246BE1E1005044C9 = {
			isa = PBXGroup;
			children = (
				77700036246BE1E1005044C9 /* SonarDemoApp */,
				7770004D246BE1E3005044C9 /* SonarDemoAppTests */,
				77700058246BE1E3005044C9 /* SonarDemoAppUITests */,
				77700035246BE1E1005044C9 /* Products */,
			);
			sourceTree = "<group>";
		};
		77700035246BE1E1005044C9 /* Products */ = {
			isa = PBXGroup;
			children = (
				77700034246BE1E1005044C9 /* SonarDemoApp.app */,
				7770004A246BE1E3005044C9 /* SonarDemoAppTests.xctest */,
				77700055246BE1E3005044C9 /* SonarDemoAppUITests.xctest */,
			);
			name = Products;
			sourceTree = "<group>";
		};
		77700036246BE1E1005044C9 /* SonarDemoApp */ = {
			isa = PBXGroup;
			children = (
				77700037246BE1E1005044C9 /* AppDelegate.swift */,
				77700039246BE1E1005044C9 /* SceneDelegate.swift */,
				7770003B246BE1E1005044C9 /* ViewController.swift */,
				7770003D246BE1E1005044C9 /* Main.storyboard */,
				77700040246BE1E3005044C9 /* Assets.xcassets */,
				77700042246BE1E3005044C9 /* LaunchScreen.storyboard */,
				77700045246BE1E3005044C9 /* Info.plist */,
			);
			path = SonarDemoApp;
			sourceTree = "<group>";
		};
		7770004D246BE1E3005044C9 /* SonarDemoAppTests */ = {
			isa = PBXGroup;
			children = (
				7770004E246BE1E3005044C9 /* SonarDemoAppTests.swift */,
				77700050246BE1E3005044C9 /* Info.plist */,
			);
			path = SonarDemoAppTests;
			sourceTree = "<group>";
		};
		77700058246BE1E3005044C9 /* SonarDemoAppUITests */ = {
			isa = PBXGroup;
			children = (
				77700059246BE1E3005044C9 /* SonarDemoAppUITests.swift */,
				7770005B246BE1E3005044C9 /* Info.plist */,
			);
			path = SonarDemoAppUITests;
			sourceTree = "<group>";
		};
/* End PBXGroup section */

/* Begin PBXNativeTarget section */
		77700033246BE1E1005044C9 /* SonarDemoApp */ = {
			isa = PBXNativeTarget;
			buildConfigurationList = 7770005E246BE1E3005044C9 /* Build configuration list for PBXNativeTarget "SonarDemoApp" */;
			buildPhases = (
				77700030246BE1E1005044C9 /* Sources */,
				77700031246BE1E1005044C9 /* Frameworks */,
				77700032246BE1E1005044C9 /* Resources */,
			);
			buildRules = (
			);
			dependencies = (
			);
			name = SonarDemoApp;
			productName = SonarDemoApp;
			productReference = 77700034246BE1E1005044C9 /* SonarDemoApp.app */;
			productType = "com.apple.product-type.application";
		};
		77700049246BE1E3005044C9 /* SonarDemoAppTests */ = {
			isa = PBXNativeTarget;
			buildConfigurationList = 77700061246BE1E3005044C9 /* Build configuration list for PBXNativeTarget "SonarDemoAppTests" */;
			buildPhases = (
				77700046246BE1E3005044C9 /* Sources */,
				77700047246BE1E3005044C9 /* Frameworks */,
				77700048246BE1E3005044C9 /* Resources */,
			);
			buildRules = (
			);
			dependencies = (
				7770004C246BE1E3005044C9 /* PBXTargetDependency */,
			);
			name = SonarDemoAppTests;
			productName = SonarDemoAppTests;
			productReference = 7770004A246BE1E3005044C9 /* SonarDemoAppTests.xctest */;
			productType = "com.apple.product-type.bundle.unit-test";
		};
		77700054246BE1E3005044C9 /* SonarDemoAppUITests */ = {
			isa = PBXNativeTarget;
			buildConfigurationList = 77700064246BE1E3005044C9 /* Build configuration list for PBXNativeTarget "SonarDemoAppUITests" */;
			buildPhases = (
				77700051246BE1E3005044C9 /* Sources */,
				77700052246BE1E3005044C9 /* Frameworks */,
				77700053246BE1E3005044C9 /* Resources */,
			);
			buildRules = (
			);
			dependencies = (
				77700057246BE1E3005044C9 /* PBXTargetDependency */,
			);
			name = SonarDemoAppUITests;
			productName = SonarDemoAppUITests;
			productReference = 77700055246BE1E3005044C9 /* SonarDemoAppUITests.xctest */;
			productType = "com.apple.product-type.bundle.ui-testing";
		};
/* End PBXNativeTarget section */

/* Begin PBXProject section */
		7770002C246BE1E1005044C9 /* Project object */ = {
			isa = PBXProject;
			attributes = {
				LastSwiftUpdateCheck = 1130;
				LastUpgradeCheck = 1130;
				ORGANIZATIONNAME = Shamvil;
				TargetAttributes = {
					77700033246BE1E1005044C9 = {
						CreatedOnToolsVersion = 11.3;
					};
					77700049246BE1E3005044C9 = {
						CreatedOnToolsVersion = 11.3;
						TestTargetID = 77700033246BE1E1005044C9;
					};
					77700054246BE1E3005044C9 = {
						CreatedOnToolsVersion = 11.3;
						TestTargetID = 77700033246BE1E1005044C9;
					};
				};
			};
			buildConfigurationList = 7770002F246BE1E1005044C9 /* Build configuration list for PBXProject "SonarDemoApp" */;
			compatibilityVersion = "Xcode 9.3";
			developmentRegion = en;
			hasScannedForEncodings = 0;
			knownRegions = (
				en,
				Base,
			);
			mainGroup = 7770002B246BE1E1005044C9;
			productRefGroup = 77700035246BE1E1005044C9 /* Products */;
			projectDirPath = "";
			projectRoot = "";
			targets = (
				77700033246BE1E1005044C9 /* SonarDemoApp */,
				77700049246BE1E3005044C9 /* SonarDemoAppTests */,
				77700054246BE1E3005044C9 /* SonarDemoAppUITests */,
			);
		};
/* End PBXProject section */

/* Begin PBXResourcesBuildPhase section */
		77700032246BE1E1005044C9 /* Resources */ = {
			isa = PBXResourcesBuildPhase;
			buildActionMask = 2147483647;
			files = (
				77700044246BE1E3005044C9 /* LaunchScreen.storyboard in Resources */,
				77700041246BE1E3005044C9 /* Assets.xcassets in Resources */,
				7770003F246BE1E1005044C9 /* Main.storyboard in Resources */,
			);
			runOnlyForDeploymentPostprocessing = 0;
		};
		77700048246BE1E3005044C9 /* Resources */ = {
			isa = PBXResourcesBuildPhase;
			buildActionMask = 2147483647;
			files = (
			);
			runOnlyForDeploymentPostprocessing = 0;
		};
		77700053246BE1E3005044C9 /* Resources */ = {
			isa = PBXResourcesBuildPhase;
			buildActionMask = 2147483647;
			files = (
			);
			runOnlyForDeploymentPostprocessing = 0;
		};
/* End PBXResourcesBuildPhase section */

/* Begin PBXSourcesBuildPhase section */
		77700030246BE1E1005044C9 /* Sources */ = {
			isa = PBXSourcesBuildPhase;
			buildActionMask = 2147483647;
			files = (
				7770003C246BE1E1005044C9 /* ViewController.swift in Sources */,
				77700038246BE1E1005044C9 /* AppDelegate.swift in Sources */,
				7770003A246BE1E1005044C9 /* SceneDelegate.swift in Sources */,
			);
			runOnlyForDeploymentPostprocessing = 0;
		};
		77700046246BE1E3005044C9 /* Sources */ = {
			isa = PBXSourcesBuildPhase;
			buildActionMask = 2147483647;
			files = (
				7770004F246BE1E3005044C9 /* SonarDemoAppTests.swift in Sources */,
			);
			runOnlyForDeploymentPostprocessing = 0;
		};
		77700051246BE1E3005044C9 /* Sources */ = {
			isa = PBXSourcesBuildPhase;
			buildActionMask = 2147483647;
			files = (
				7770005A246BE1E3005044C9 /* SonarDemoAppUITests.swift in Sources */,
			);
			runOnlyForDeploymentPostprocessing = 0;
		};
/* End PBXSourcesBuildPhase section */

/* Begin PBXTargetDependency section */
		7770004C246BE1E3005044C9 /* PBXTargetDependency */ = {
			isa = PBXTargetDependency;
			target = 77700033246BE1E1005044C9 /* SonarDemoApp */;
			targetProxy = 7770004B246BE1E3005044C9 /* PBXContainerItemProxy */;
		};
		77700057246BE1E3005044C9 /* PBXTargetDependency */ = {
			isa = PBXTargetDependency;
			target = 77700033246BE1E1005044C9 /* SonarDemoApp */;
			targetProxy = 77700056246BE1E3005044C9 /* PBXContainerItemProxy */;
		};
/* End PBXTargetDependency section */

/* Begin PBXVariantGroup section */
		7770003D246BE1E1005044C9 /* Main.storyboard */ = {
			isa = PBXVariantGroup;
			children = (
				7770003E246BE1E1005044C9 /* Base */,
			);
			name = Main.storyboard;
			sourceTree = "<group>";
		};
		77700042246BE1E3005044C9 /* LaunchScreen.storyboard */ = {
			isa = PBXVariantGroup;
			children = (
				77700043246BE1E3005044C9 /* Base */,
			);
			name = LaunchScreen.storyboard;
			sourceTree = "<group>";
		};
/* End PBXVariantGroup section */

/* Begin XCBuildConfiguration section */
		7770005C246BE1E3005044C9 /* Debug */ = {
			isa = XCBuildConfiguration;
			buildSettings = {
				ALWAYS_SEARCH_USER_PATHS = NO;
				CLANG_ANALYZER_NONNULL = YES;
				CLANG_ANALYZER_NUMBER_OBJECT_CONVERSION = YES_AGGRESSIVE;
				CLANG_CXX_LANGUAGE_STANDARD = "gnu++14";
				CLANG_CXX_LIBRARY = "libc++";
				CLANG_ENABLE_MODULES = YES;
				CLANG_ENABLE_OBJC_ARC = YES;
				CLANG_ENABLE_OBJC_WEAK = YES;
				CLANG_WARN_BLOCK_CAPTURE_AUTORELEASING = YES;
				CLANG_WARN_BOOL_CONVERSION = YES;
				CLANG_WARN_COMMA = YES;
				CLANG_WARN_CONSTANT_CONVERSION = YES;
				CLANG_WARN_DEPRECATED_OBJC_IMPLEMENTATIONS = YES;
				CLANG_WARN_DIRECT_OBJC_ISA_USAGE = YES_ERROR;
				CLANG_WARN_DOCUMENTATION_COMMENTS = YES;
				CLANG_WARN_EMPTY_BODY = YES;
				CLANG_WARN_ENUM_CONVERSION = YES;
				CLANG_WARN_INFINITE_RECURSION = YES;
				CLANG_WARN_INT_CONVERSION = YES;
				CLANG_WARN_NON_LITERAL_NULL_CONVERSION = YES;
				CLANG_WARN_OBJC_IMPLICIT_RETAIN_SELF = YES;
				CLANG_WARN_OBJC_LITERAL_CONVERSION = YES;
				CLANG_WARN_OBJC_ROOT_CLASS = YES_ERROR;
				CLANG_WARN_RANGE_LOOP_ANALYSIS = YES;
				CLANG_WARN_STRICT_PROTOTYPES = YES;
				CLANG_WARN_SUSPICIOUS_MOVE = YES;
				CLANG_WARN_UNGUARDED_AVAILABILITY = YES_AGGRESSIVE;
				CLANG_WARN_UNREACHABLE_CODE = YES;
				CLANG_WARN__DUPLICATE_METHOD_MATCH = YES;
				COPY_PHASE_STRIP = NO;
				DEBUG_INFORMATION_FORMAT = dwarf;
				ENABLE_STRICT_OBJC_MSGSEND = YES;
				ENABLE_TESTABILITY = YES;
				GCC_C_LANGUAGE_STANDARD = gnu11;
				GCC_DYNAMIC_NO_PIC = NO;
				GCC_NO_COMMON_BLOCKS = YES;
				GCC_OPTIMIZATION_LEVEL = 0;
				GCC_PREPROCESSOR_DEFINITIONS = (
					"DEBUG=1",
					"$(inherited)",
				);
				GCC_WARN_64_TO_32_BIT_CONVERSION = YES;
				GCC_WARN_ABOUT_RETURN_TYPE = YES_ERROR;
				GCC_WARN_UNDECLARED_SELECTOR = YES;
				GCC_WARN_UNINITIALIZED_AUTOS = YES_AGGRESSIVE;
				GCC_WARN_UNUSED_FUNCTION = YES;
				GCC_WARN_UNUSED_VARIABLE = YES;
				IPHONEOS_DEPLOYMENT_TARGET = 13.2;
				MTL_ENABLE_DEBUG_INFO = INCLUDE_SOURCE;
				MTL_FAST_MATH = YES;
				ONLY_ACTIVE_ARCH = YES;
				SDKROOT = iphoneos;
				SWIFT_ACTIVE_COMPILATION_CONDITIONS = DEBUG;
				SWIFT_OPTIMIZATION_LEVEL = "-Onone";
			};
			name = Debug;
		};
		7770005D246BE1E3005044C9 /* Release */ = {
			isa = XCBuildConfiguration;
			buildSettings = {
				ALWAYS_SEARCH_USER_PATHS = NO;
				CLANG_ANALYZER_NONNULL = YES;
				CLANG_ANALYZER_NUMBER_OBJECT_CONVERSION = YES_AGGRESSIVE;
				CLANG_CXX_LANGUAGE_STANDARD = "gnu++14";
				CLANG_CXX_LIBRARY = "libc++";
				CLANG_ENABLE_MODULES = YES;
				CLANG_ENABLE_OBJC_ARC = YES;
				CLANG_ENABLE_OBJC_WEAK = YES;
				CLANG_WARN_BLOCK_CAPTURE_AUTORELEASING = YES;
				CLANG_WARN_BOOL_CONVERSION = YES;
				CLANG_WARN_COMMA = YES;
				CLANG_WARN_CONSTANT_CONVERSION = YES;
				CLANG_WARN_DEPRECATED_OBJC_IMPLEMENTATIONS = YES;
				CLANG_WARN_DIRECT_OBJC_ISA_USAGE = YES_ERROR;
				CLANG_WARN_DOCUMENTATION_COMMENTS = YES;
				CLANG_WARN_EMPTY_BODY = YES;
				CLANG_WARN_ENUM_CONVERSION = YES;
				CLANG_WARN_INFINITE_RECURSION = YES;
				CLANG_WARN_INT_CONVERSION = YES;
				CLANG_WARN_NON_LITERAL_NULL_CONVERSION = YES;
				CLANG_WARN_OBJC_IMPLICIT_RETAIN_SELF = YES;
				CLANG_WARN_OBJC_LITERAL_CONVERSION = YES;
				CLANG_WARN_OBJC_ROOT_CLASS = YES_ERROR;
				CLANG_WARN_RANGE_LOOP_ANALYSIS = YES;
				CLANG_WARN_STRICT_PROTOTYPES = YES;
				CLANG_WARN_SUSPICIOUS_MOVE = YES;
				CLANG_WARN_UNGUARDED_AVAILABILITY = YES_AGGRESSIVE;
				CLANG_WARN_UNREACHABLE_CODE = YES;
				CLANG_WARN__DUPLICATE_METHOD_MATCH = YES;
				COPY_PHASE_STRIP = NO;
				DEBUG_INFORMATION_FORMAT = "dwarf-with-dsym";
				ENABLE_NS_ASSERTIONS = NO;
				ENABLE_STRICT_OBJC_MSGSEND = YES;
				GCC_C_LANGUAGE_STANDARD = gnu11;
				GCC_NO_COMMON_BLOCKS = YES;
				GCC_WARN_64_TO_32_BIT_CONVERSION = YES;
				GCC_WARN_ABOUT_RETURN_TYPE = YES_ERROR;
				GCC_WARN_UNDECLARED_SELECTOR = YES;
				GCC_WARN_UNINITIALIZED_AUTOS = YES_AGGRESSIVE;
				GCC_WARN_UNUSED_FUNCTION = YES;
				GCC_WARN_UNUSED_VARIABLE = YES;
				IPHONEOS_DEPLOYMENT_TARGET = 13.2;
				MTL_ENABLE_DEBUG_INFO = NO;
				MTL_FAST_MATH = YES;
				SDKROOT = iphoneos;
				SWIFT_COMPILATION_MODE = wholemodule;
				SWIFT_OPTIMIZATION_LEVEL = "-O";
				VALIDATE_PRODUCT = YES;
			};
			name = Release;
		};
		7770005F246BE1E3005044C9 /* Debug */ = {
			isa = XCBuildConfiguration;
			buildSettings = {
				ASSETCATALOG_COMPILER_APPICON_NAME = AppIcon;
				CODE_SIGN_STYLE = Automatic;
				INFOPLIST_FILE = SonarDemoApp/Info.plist;
				LD_RUNPATH_SEARCH_PATHS = (
					"$(inherited)",
					"@executable_path/Frameworks",
				);
				PRODUCT_BUNDLE_IDENTIFIER = com.test.test.SonarDemoApp;
				PRODUCT_NAME = "$(TARGET_NAME)";
				SWIFT_VERSION = 5.0;
				TARGETED_DEVICE_FAMILY = "1,2";
			};
			name = Debug;
		};
		77700060246BE1E3005044C9 /* Release */ = {
			isa = XCBuildConfiguration;
			buildSettings = {
				ASSETCATALOG_COMPILER_APPICON_NAME = AppIcon;
				CODE_SIGN_STYLE = Automatic;
				INFOPLIST_FILE = SonarDemoApp/Info.plist;
				LD_RUNPATH_SEARCH_PATHS = (
					"$(inherited)",
					"@executable_path/Frameworks",
				);
				PRODUCT_BUNDLE_IDENTIFIER = com.test.test.SonarDemoApp;
				PRODUCT_NAME = "$(TARGET_NAME)";
				SWIFT_VERSION = 5.0;
				TARGETED_DEVICE_FAMILY = "1,2";
			};
			name = Release;
		};
		77700062246BE1E3005044C9 /* Debug */ = {
			isa = XCBuildConfiguration;
			buildSettings = {
				ALWAYS_EMBED_SWIFT_STANDARD_LIBRARIES = YES;
				BUNDLE_LOADER = "$(TEST_HOST)";
				CODE_SIGN_STYLE = Automatic;
				INFOPLIST_FILE = SonarDemoAppTests/Info.plist;
				IPHONEOS_DEPLOYMENT_TARGET = 13.2;
				LD_RUNPATH_SEARCH_PATHS = (
					"$(inherited)",
					"@executable_path/Frameworks",
					"@loader_path/Frameworks",
				);
				PRODUCT_BUNDLE_IDENTIFIER = com.test.test.SonarDemoAppTests;
				PRODUCT_NAME = "$(TARGET_NAME)";
				SWIFT_VERSION = 5.0;
				TARGETED_DEVICE_FAMILY = "1,2";
				TEST_HOST = "$(BUILT_PRODUCTS_DIR)/SonarDemoApp.app/SonarDemoApp";
			};
			name = Debug;
		};
		77700063246BE1E3005044C9 /* Release */ = {
			isa = XCBuildConfiguration;
			buildSettings = {
				ALWAYS_EMBED_SWIFT_STANDARD_LIBRARIES = YES;
				BUNDLE_LOADER = "$(TEST_HOST)";
				CODE_SIGN_STYLE = Automatic;
				INFOPLIST_FILE = SonarDemoAppTests/Info.plist;
				IPHONEOS_DEPLOYMENT_TARGET = 13.2;
				LD_RUNPATH_SEARCH_PATHS = (
					"$(inherited)",
					"@executable_path/Frameworks",
					"@loader_path/Frameworks",
				);
				PRODUCT_BUNDLE_IDENTIFIER = com.test.test.SonarDemoAppTests;
				PRODUCT_NAME = "$(TARGET_NAME)";
				SWIFT_VERSION = 5.0;
				TARGETED_DEVICE_FAMILY = "1,2";
				TEST_HOST = "$(BUILT_PRODUCTS_DIR)/SonarDemoApp.app/SonarDemoApp";
			};
			name = Release;
		};
		77700065246BE1E3005044C9 /* Debug */ = {
			isa = XCBuildConfiguration;
			buildSettings = {
				ALWAYS_EMBED_SWIFT_STANDARD_LIBRARIES = YES;
				CODE_SIGN_STYLE = Automatic;
				INFOPLIST_FILE = SonarDemoAppUITests/Info.plist;
				LD_RUNPATH_SEARCH_PATHS = (
					"$(inherited)",
					"@executable_path/Frameworks",
					"@loader_path/Frameworks",
				);
				PRODUCT_BUNDLE_IDENTIFIER = com.test.test.SonarDemoAppUITests;
				PRODUCT_NAME = "$(TARGET_NAME)";
				SWIFT_VERSION = 5.0;
				TARGETED_DEVICE_FAMILY = "1,2";
				TEST_TARGET_NAME = SonarDemoApp;
			};
			name = Debug;
		};
		77700066246BE1E3005044C9 /* Release */ = {
			isa = XCBuildConfiguration;
			buildSettings = {
				ALWAYS_EMBED_SWIFT_STANDARD_LIBRARIES = YES;
				CODE_SIGN_STYLE = Automatic;
				INFOPLIST_FILE = SonarDemoAppUITests/Info.plist;
				LD_RUNPATH_SEARCH_PATHS = (
					"$(inherited)",
					"@executable_path/Frameworks",
					"@loader_path/Frameworks",
				);
				PRODUCT_BUNDLE_IDENTIFIER = com.test.test.SonarDemoAppUITests;
				PRODUCT_NAME = "$(TARGET_NAME)";
				SWIFT_VERSION = 5.0;
				TARGETED_DEVICE_FAMILY = "1,2";
				TEST_TARGET_NAME = SonarDemoApp;
			};
			name = Release;
		};
/* End XCBuildConfiguration section */

/* Begin XCConfigurationList section */
		7770002F246BE1E1005044C9 /* Build configuration list for PBXProject "SonarDemoApp" */ = {
			isa = XCConfigurationList;
			buildConfigurations = (
				7770005C246BE1E3005044C9 /* Debug */,
				7770005D246BE1E3005044C9 /* Release */,
			);
			defaultConfigurationIsVisible = 0;
			defaultConfigurationName = Release;
		};
		7770005E246BE1E3005044C9 /* Build configuration list for PBXNativeTarget "SonarDemoApp" */ = {
			isa = XCConfigurationList;
			buildConfigurations = (
				7770005F246BE1E3005044C9 /* Debug */,
				77700060246BE1E3005044C9 /* Release */,
			);
			defaultConfigurationIsVisible = 0;
			defaultConfigurationName = Release;
		};
		77700061246BE1E3005044C9 /* Build configuration list for PBXNativeTarget "SonarDemoAppTests" */ = {
			isa = XCConfigurationList;
			buildConfigurations = (
				77700062246BE1E3005044C9 /* Debug */,
				77700063246BE1E3005044C9 /* Release */,
			);
			defaultConfigurationIsVisible = 0;
			defaultConfigurationName = Release;
		};
		77700064246BE1E3005044C9 /* Build configuration list for PBXNativeTarget "SonarDemoAppUITests" */ = {
			isa = XCConfigurationList;
			buildConfigurations = (
				77700065246BE1E3005044C9 /* Debug */,
				77700066246BE1E3005044C9 /* Release */,
			);
			defaultConfigurationIsVisible = 0;
			defaultConfigurationName = Release;
		};
/* End XCConfigurationList section */
	};
	rootObject = 7770002C246BE1E1005044C9 /* Project object */;
}
